// !$*UTF8*$!
{
	archiveVersion = 1;
	classes = {
	};
	objectVersion = 55;
	objects = {

/* Begin PBXBuildFile section */
		AD8F0310EA8B3C18BF90D3CA /* Pods_InstagramTests.framework in Frameworks */ = {isa = PBXBuildFile; fileRef = 1C91BA8215EB980170B22BEE /* Pods_InstagramTests.framework */; };
		C590226F8591AA2FC2517F79 /* Pods_Instagram.framework in Frameworks */ = {isa = PBXBuildFile; fileRef = 2482D173F71E78192DE6BCE6 /* Pods_Instagram.framework */; };
		D3013B533970FEEB61BC04FE /* Pods_Instagram_InstagramUITests.framework in Frameworks */ = {isa = PBXBuildFile; fileRef = 02A0E1793E7AAA08217E6C6D /* Pods_Instagram_InstagramUITests.framework */; };
		E3A97B38286A36500021FC02 /* AppDelegate.m in Sources */ = {isa = PBXBuildFile; fileRef = E3A97B37286A36500021FC02 /* AppDelegate.m */; };
		E3A97B3B286A36500021FC02 /* SceneDelegate.m in Sources */ = {isa = PBXBuildFile; fileRef = E3A97B3A286A36500021FC02 /* SceneDelegate.m */; };
		E3A97B41286A36500021FC02 /* Main.storyboard in Resources */ = {isa = PBXBuildFile; fileRef = E3A97B3F286A36500021FC02 /* Main.storyboard */; };
		E3A97B43286A36500021FC02 /* Assets.xcassets in Resources */ = {isa = PBXBuildFile; fileRef = E3A97B42286A36500021FC02 /* Assets.xcassets */; };
		E3A97B46286A36500021FC02 /* LaunchScreen.storyboard in Resources */ = {isa = PBXBuildFile; fileRef = E3A97B44286A36500021FC02 /* LaunchScreen.storyboard */; };
		E3A97B49286A36500021FC02 /* main.m in Sources */ = {isa = PBXBuildFile; fileRef = E3A97B48286A36500021FC02 /* main.m */; };
		E3A97B53286A36500021FC02 /* InstagramTests.m in Sources */ = {isa = PBXBuildFile; fileRef = E3A97B52286A36500021FC02 /* InstagramTests.m */; };
		E3A97B5D286A36500021FC02 /* InstagramUITests.m in Sources */ = {isa = PBXBuildFile; fileRef = E3A97B5C286A36500021FC02 /* InstagramUITests.m */; };
		E3A97B5F286A36500021FC02 /* InstagramUITestsLaunchTests.m in Sources */ = {isa = PBXBuildFile; fileRef = E3A97B5E286A36500021FC02 /* InstagramUITestsLaunchTests.m */; };
		E3A97B70286A570F0021FC02 /* LoginViewController.m in Sources */ = {isa = PBXBuildFile; fileRef = E3A97B6F286A570F0021FC02 /* LoginViewController.m */; };
		E3A97B77286A6FDA0021FC02 /* FeedTableViewController.m in Sources */ = {isa = PBXBuildFile; fileRef = E3A97B76286A6FDA0021FC02 /* FeedTableViewController.m */; };
		E3A97B7A286B6B820021FC02 /* PhotoMapViewController.m in Sources */ = {isa = PBXBuildFile; fileRef = E3A97B79286B6B820021FC02 /* PhotoMapViewController.m */; };
		E3A97B86286B9A500021FC02 /* Post.m in Sources */ = {isa = PBXBuildFile; fileRef = E3A97B85286B9A500021FC02 /* Post.m */; };
		E3A97B93286D11B90021FC02 /* TableSectionHeaderView.m in Sources */ = {isa = PBXBuildFile; fileRef = E3A97B92286D11B90021FC02 /* TableSectionHeaderView.m */; };
		E3A97B99286D15800021FC02 /* PostTableViewCell.m in Sources */ = {isa = PBXBuildFile; fileRef = E3A97B98286D15800021FC02 /* PostTableViewCell.m */; };
/* End PBXBuildFile section */

/* Begin PBXContainerItemProxy section */
		E3A97B4F286A36500021FC02 /* PBXContainerItemProxy */ = {
			isa = PBXContainerItemProxy;
			containerPortal = E3A97B2B286A36500021FC02 /* Project object */;
			proxyType = 1;
			remoteGlobalIDString = E3A97B32286A36500021FC02;
			remoteInfo = Instagram;
		};
		E3A97B59286A36500021FC02 /* PBXContainerItemProxy */ = {
			isa = PBXContainerItemProxy;
			containerPortal = E3A97B2B286A36500021FC02 /* Project object */;
			proxyType = 1;
			remoteGlobalIDString = E3A97B32286A36500021FC02;
			remoteInfo = Instagram;
		};
/* End PBXContainerItemProxy section */

/* Begin PBXFileReference section */
		02A0E1793E7AAA08217E6C6D /* Pods_Instagram_InstagramUITests.framework */ = {isa = PBXFileReference; explicitFileType = wrapper.framework; includeInIndex = 0; path = Pods_Instagram_InstagramUITests.framework; sourceTree = BUILT_PRODUCTS_DIR; };
		1C91BA8215EB980170B22BEE /* Pods_InstagramTests.framework */ = {isa = PBXFileReference; explicitFileType = wrapper.framework; includeInIndex = 0; path = Pods_InstagramTests.framework; sourceTree = BUILT_PRODUCTS_DIR; };
		2482D173F71E78192DE6BCE6 /* Pods_Instagram.framework */ = {isa = PBXFileReference; explicitFileType = wrapper.framework; includeInIndex = 0; path = Pods_Instagram.framework; sourceTree = BUILT_PRODUCTS_DIR; };
		2DFCF760CC47F2B63B338E62 /* Pods-Instagram-InstagramUITests.debug.xcconfig */ = {isa = PBXFileReference; includeInIndex = 1; lastKnownFileType = text.xcconfig; name = "Pods-Instagram-InstagramUITests.debug.xcconfig"; path = "Target Support Files/Pods-Instagram-InstagramUITests/Pods-Instagram-InstagramUITests.debug.xcconfig"; sourceTree = "<group>"; };
		922AC21572D4BDDB80820CFD /* Pods-Instagram.debug.xcconfig */ = {isa = PBXFileReference; includeInIndex = 1; lastKnownFileType = text.xcconfig; name = "Pods-Instagram.debug.xcconfig"; path = "Target Support Files/Pods-Instagram/Pods-Instagram.debug.xcconfig"; sourceTree = "<group>"; };
		A00387846A2DAA13FCADCBDE /* Pods-InstagramTests.release.xcconfig */ = {isa = PBXFileReference; includeInIndex = 1; lastKnownFileType = text.xcconfig; name = "Pods-InstagramTests.release.xcconfig"; path = "Target Support Files/Pods-InstagramTests/Pods-InstagramTests.release.xcconfig"; sourceTree = "<group>"; };
		BDFAB1A5082C01D253300E97 /* Pods-InstagramTests.debug.xcconfig */ = {isa = PBXFileReference; includeInIndex = 1; lastKnownFileType = text.xcconfig; name = "Pods-InstagramTests.debug.xcconfig"; path = "Target Support Files/Pods-InstagramTests/Pods-InstagramTests.debug.xcconfig"; sourceTree = "<group>"; };
		DA0BD8641A5512E5B0045C3D /* Pods-Instagram-InstagramUITests.release.xcconfig */ = {isa = PBXFileReference; includeInIndex = 1; lastKnownFileType = text.xcconfig; name = "Pods-Instagram-InstagramUITests.release.xcconfig"; path = "Target Support Files/Pods-Instagram-InstagramUITests/Pods-Instagram-InstagramUITests.release.xcconfig"; sourceTree = "<group>"; };
		E3A97B33286A36500021FC02 /* Instagram.app */ = {isa = PBXFileReference; explicitFileType = wrapper.application; includeInIndex = 0; path = Instagram.app; sourceTree = BUILT_PRODUCTS_DIR; };
		E3A97B36286A36500021FC02 /* AppDelegate.h */ = {isa = PBXFileReference; lastKnownFileType = sourcecode.c.h; path = AppDelegate.h; sourceTree = "<group>"; };
		E3A97B37286A36500021FC02 /* AppDelegate.m */ = {isa = PBXFileReference; lastKnownFileType = sourcecode.c.objc; path = AppDelegate.m; sourceTree = "<group>"; };
		E3A97B39286A36500021FC02 /* SceneDelegate.h */ = {isa = PBXFileReference; lastKnownFileType = sourcecode.c.h; path = SceneDelegate.h; sourceTree = "<group>"; };
		E3A97B3A286A36500021FC02 /* SceneDelegate.m */ = {isa = PBXFileReference; lastKnownFileType = sourcecode.c.objc; path = SceneDelegate.m; sourceTree = "<group>"; };
		E3A97B40286A36500021FC02 /* Base */ = {isa = PBXFileReference; lastKnownFileType = file.storyboard; name = Base; path = Base.lproj/Main.storyboard; sourceTree = "<group>"; };
		E3A97B42286A36500021FC02 /* Assets.xcassets */ = {isa = PBXFileReference; lastKnownFileType = folder.assetcatalog; path = Assets.xcassets; sourceTree = "<group>"; };
		E3A97B45286A36500021FC02 /* Base */ = {isa = PBXFileReference; lastKnownFileType = file.storyboard; name = Base; path = Base.lproj/LaunchScreen.storyboard; sourceTree = "<group>"; };
		E3A97B47286A36500021FC02 /* Info.plist */ = {isa = PBXFileReference; lastKnownFileType = text.plist.xml; path = Info.plist; sourceTree = "<group>"; };
		E3A97B48286A36500021FC02 /* main.m */ = {isa = PBXFileReference; lastKnownFileType = sourcecode.c.objc; path = main.m; sourceTree = "<group>"; };
		E3A97B4E286A36500021FC02 /* InstagramTests.xctest */ = {isa = PBXFileReference; explicitFileType = wrapper.cfbundle; includeInIndex = 0; path = InstagramTests.xctest; sourceTree = BUILT_PRODUCTS_DIR; };
		E3A97B52286A36500021FC02 /* InstagramTests.m */ = {isa = PBXFileReference; lastKnownFileType = sourcecode.c.objc; path = InstagramTests.m; sourceTree = "<group>"; };
		E3A97B58286A36500021FC02 /* InstagramUITests.xctest */ = {isa = PBXFileReference; explicitFileType = wrapper.cfbundle; includeInIndex = 0; path = InstagramUITests.xctest; sourceTree = BUILT_PRODUCTS_DIR; };
		E3A97B5C286A36500021FC02 /* InstagramUITests.m */ = {isa = PBXFileReference; lastKnownFileType = sourcecode.c.objc; path = InstagramUITests.m; sourceTree = "<group>"; };
		E3A97B5E286A36500021FC02 /* InstagramUITestsLaunchTests.m */ = {isa = PBXFileReference; lastKnownFileType = sourcecode.c.objc; path = InstagramUITestsLaunchTests.m; sourceTree = "<group>"; };
		E3A97B6E286A570F0021FC02 /* LoginViewController.h */ = {isa = PBXFileReference; lastKnownFileType = sourcecode.c.h; path = LoginViewController.h; sourceTree = "<group>"; };
		E3A97B6F286A570F0021FC02 /* LoginViewController.m */ = {isa = PBXFileReference; lastKnownFileType = sourcecode.c.objc; path = LoginViewController.m; sourceTree = "<group>"; };
		E3A97B75286A6FDA0021FC02 /* FeedTableViewController.h */ = {isa = PBXFileReference; lastKnownFileType = sourcecode.c.h; path = FeedTableViewController.h; sourceTree = "<group>"; };
		E3A97B76286A6FDA0021FC02 /* FeedTableViewController.m */ = {isa = PBXFileReference; lastKnownFileType = sourcecode.c.objc; path = FeedTableViewController.m; sourceTree = "<group>"; };
		E3A97B78286B6B820021FC02 /* PhotoMapViewController.h */ = {isa = PBXFileReference; lastKnownFileType = sourcecode.c.h; path = PhotoMapViewController.h; sourceTree = "<group>"; };
		E3A97B79286B6B820021FC02 /* PhotoMapViewController.m */ = {isa = PBXFileReference; lastKnownFileType = sourcecode.c.objc; path = PhotoMapViewController.m; sourceTree = "<group>"; };
		E3A97B84286B9A500021FC02 /* Post.h */ = {isa = PBXFileReference; lastKnownFileType = sourcecode.c.h; path = Post.h; sourceTree = "<group>"; };
		E3A97B85286B9A500021FC02 /* Post.m */ = {isa = PBXFileReference; lastKnownFileType = sourcecode.c.objc; path = Post.m; sourceTree = "<group>"; };
		E3A97B91286D11B90021FC02 /* TableSectionHeaderView.h */ = {isa = PBXFileReference; lastKnownFileType = sourcecode.c.h; path = TableSectionHeaderView.h; sourceTree = "<group>"; };
		E3A97B92286D11B90021FC02 /* TableSectionHeaderView.m */ = {isa = PBXFileReference; lastKnownFileType = sourcecode.c.objc; path = TableSectionHeaderView.m; sourceTree = "<group>"; };
		E3A97B97286D15750021FC02 /* PostTableViewCell.h */ = {isa = PBXFileReference; lastKnownFileType = sourcecode.c.h; path = PostTableViewCell.h; sourceTree = "<group>"; };
		E3A97B98286D15800021FC02 /* PostTableViewCell.m */ = {isa = PBXFileReference; fileEncoding = 4; lastKnownFileType = sourcecode.c.objc; path = PostTableViewCell.m; sourceTree = "<group>"; };
		F8611AB5068CB72BFE0A12EC /* Pods-Instagram.release.xcconfig */ = {isa = PBXFileReference; includeInIndex = 1; lastKnownFileType = text.xcconfig; name = "Pods-Instagram.release.xcconfig"; path = "Target Support Files/Pods-Instagram/Pods-Instagram.release.xcconfig"; sourceTree = "<group>"; };
/* End PBXFileReference section */

/* Begin PBXFrameworksBuildPhase section */
		E3A97B30286A36500021FC02 /* Frameworks */ = {
			isa = PBXFrameworksBuildPhase;
			buildActionMask = 2147483647;
			files = (
				C590226F8591AA2FC2517F79 /* Pods_Instagram.framework in Frameworks */,
			);
			runOnlyForDeploymentPostprocessing = 0;
		};
		E3A97B4B286A36500021FC02 /* Frameworks */ = {
			isa = PBXFrameworksBuildPhase;
			buildActionMask = 2147483647;
			files = (
				AD8F0310EA8B3C18BF90D3CA /* Pods_InstagramTests.framework in Frameworks */,
			);
			runOnlyForDeploymentPostprocessing = 0;
		};
		E3A97B55286A36500021FC02 /* Frameworks */ = {
			isa = PBXFrameworksBuildPhase;
			buildActionMask = 2147483647;
			files = (
				D3013B533970FEEB61BC04FE /* Pods_Instagram_InstagramUITests.framework in Frameworks */,
			);
			runOnlyForDeploymentPostprocessing = 0;
		};
/* End PBXFrameworksBuildPhase section */

/* Begin PBXGroup section */
		521E932D7C8BC5CE5A6EC363 /* Frameworks */ = {
			isa = PBXGroup;
			children = (
				2482D173F71E78192DE6BCE6 /* Pods_Instagram.framework */,
				02A0E1793E7AAA08217E6C6D /* Pods_Instagram_InstagramUITests.framework */,
				1C91BA8215EB980170B22BEE /* Pods_InstagramTests.framework */,
			);
			name = Frameworks;
			sourceTree = "<group>";
		};
		8521B776DF94C10061A2377F /* Pods */ = {
			isa = PBXGroup;
			children = (
				922AC21572D4BDDB80820CFD /* Pods-Instagram.debug.xcconfig */,
				F8611AB5068CB72BFE0A12EC /* Pods-Instagram.release.xcconfig */,
				2DFCF760CC47F2B63B338E62 /* Pods-Instagram-InstagramUITests.debug.xcconfig */,
				DA0BD8641A5512E5B0045C3D /* Pods-Instagram-InstagramUITests.release.xcconfig */,
				BDFAB1A5082C01D253300E97 /* Pods-InstagramTests.debug.xcconfig */,
				A00387846A2DAA13FCADCBDE /* Pods-InstagramTests.release.xcconfig */,
			);
			path = Pods;
			sourceTree = "<group>";
		};
		E3A97B2A286A36500021FC02 = {
			isa = PBXGroup;
			children = (
				E3A97B35286A36500021FC02 /* Instagram */,
				E3A97B51286A36500021FC02 /* InstagramTests */,
				E3A97B5B286A36500021FC02 /* InstagramUITests */,
				E3A97B34286A36500021FC02 /* Products */,
				8521B776DF94C10061A2377F /* Pods */,
				521E932D7C8BC5CE5A6EC363 /* Frameworks */,
			);
			sourceTree = "<group>";
		};
		E3A97B34286A36500021FC02 /* Products */ = {
			isa = PBXGroup;
			children = (
				E3A97B33286A36500021FC02 /* Instagram.app */,
				E3A97B4E286A36500021FC02 /* InstagramTests.xctest */,
				E3A97B58286A36500021FC02 /* InstagramUITests.xctest */,
			);
			name = Products;
			sourceTree = "<group>";
		};
		E3A97B35286A36500021FC02 /* Instagram */ = {
			isa = PBXGroup;
			children = (
				E3A97B36286A36500021FC02 /* AppDelegate.h */,
				E3A97B37286A36500021FC02 /* AppDelegate.m */,
				E3A97B8D286D10EB0021FC02 /* Views */,
				E3A97B8B286D10950021FC02 /* ViewControllers */,
				E3A97B8C286D10C20021FC02 /* Models */,
				E3A97B39286A36500021FC02 /* SceneDelegate.h */,
				E3A97B3A286A36500021FC02 /* SceneDelegate.m */,
				E3A97B3F286A36500021FC02 /* Main.storyboard */,
				E3A97B42286A36500021FC02 /* Assets.xcassets */,
				E3A97B44286A36500021FC02 /* LaunchScreen.storyboard */,
				E3A97B47286A36500021FC02 /* Info.plist */,
				E3A97B48286A36500021FC02 /* main.m */,
			);
			path = Instagram;
			sourceTree = "<group>";
		};
		E3A97B51286A36500021FC02 /* InstagramTests */ = {
			isa = PBXGroup;
			children = (
				E3A97B52286A36500021FC02 /* InstagramTests.m */,
			);
			path = InstagramTests;
			sourceTree = "<group>";
		};
		E3A97B5B286A36500021FC02 /* InstagramUITests */ = {
			isa = PBXGroup;
			children = (
				E3A97B5C286A36500021FC02 /* InstagramUITests.m */,
				E3A97B5E286A36500021FC02 /* InstagramUITestsLaunchTests.m */,
			);
			path = InstagramUITests;
			sourceTree = "<group>";
		};
		E3A97B8B286D10950021FC02 /* ViewControllers */ = {
			isa = PBXGroup;
			children = (
				E3A97B75286A6FDA0021FC02 /* FeedTableViewController.h */,
				E3A97B76286A6FDA0021FC02 /* FeedTableViewController.m */,
				E3A97B78286B6B820021FC02 /* PhotoMapViewController.h */,
				E3A97B79286B6B820021FC02 /* PhotoMapViewController.m */,
				E3A97B6E286A570F0021FC02 /* LoginViewController.h */,
				E3A97B6F286A570F0021FC02 /* LoginViewController.m */,
			);
			path = ViewControllers;
			sourceTree = "<group>";
		};
		E3A97B8C286D10C20021FC02 /* Models */ = {
			isa = PBXGroup;
			children = (
				E3A97B84286B9A500021FC02 /* Post.h */,
				E3A97B85286B9A500021FC02 /* Post.m */,
			);
			path = Models;
			sourceTree = "<group>";
		};
		E3A97B8D286D10EB0021FC02 /* Views */ = {
			isa = PBXGroup;
			children = (
				E3A97B91286D11B90021FC02 /* TableSectionHeaderView.h */,
				E3A97B92286D11B90021FC02 /* TableSectionHeaderView.m */,
				E3A97B97286D15750021FC02 /* PostTableViewCell.h */,
				E3A97B98286D15800021FC02 /* PostTableViewCell.m */,
			);
			path = Views;
			sourceTree = "<group>";
		};
/* End PBXGroup section */

/* Begin PBXNativeTarget section */
		E3A97B32286A36500021FC02 /* Instagram */ = {
			isa = PBXNativeTarget;
			buildConfigurationList = E3A97B62286A36500021FC02 /* Build configuration list for PBXNativeTarget "Instagram" */;
			buildPhases = (
				92F118AFD230AC932114F19D /* [CP] Check Pods Manifest.lock */,
				E3A97B2F286A36500021FC02 /* Sources */,
				E3A97B30286A36500021FC02 /* Frameworks */,
				E3A97B31286A36500021FC02 /* Resources */,
				9E7F0707203C5CF8B8A544D1 /* [CP] Embed Pods Frameworks */,
			);
			buildRules = (
			);
			dependencies = (
			);
			name = Instagram;
			productName = Instagram;
			productReference = E3A97B33286A36500021FC02 /* Instagram.app */;
			productType = "com.apple.product-type.application";
		};
		E3A97B4D286A36500021FC02 /* InstagramTests */ = {
			isa = PBXNativeTarget;
			buildConfigurationList = E3A97B65286A36500021FC02 /* Build configuration list for PBXNativeTarget "InstagramTests" */;
			buildPhases = (
				A6D1B8126EFF1FAC0DEFD91D /* [CP] Check Pods Manifest.lock */,
				E3A97B4A286A36500021FC02 /* Sources */,
				E3A97B4B286A36500021FC02 /* Frameworks */,
				E3A97B4C286A36500021FC02 /* Resources */,
			);
			buildRules = (
			);
			dependencies = (
				E3A97B50286A36500021FC02 /* PBXTargetDependency */,
			);
			name = InstagramTests;
			productName = InstagramTests;
			productReference = E3A97B4E286A36500021FC02 /* InstagramTests.xctest */;
			productType = "com.apple.product-type.bundle.unit-test";
		};
		E3A97B57286A36500021FC02 /* InstagramUITests */ = {
			isa = PBXNativeTarget;
			buildConfigurationList = E3A97B68286A36500021FC02 /* Build configuration list for PBXNativeTarget "InstagramUITests" */;
			buildPhases = (
				C162208CEED77435A5AD61E6 /* [CP] Check Pods Manifest.lock */,
				E3A97B54286A36500021FC02 /* Sources */,
				E3A97B55286A36500021FC02 /* Frameworks */,
				E3A97B56286A36500021FC02 /* Resources */,
				F568E13AE694F96BCFEA4C2F /* [CP] Embed Pods Frameworks */,
			);
			buildRules = (
			);
			dependencies = (
				E3A97B5A286A36500021FC02 /* PBXTargetDependency */,
			);
			name = InstagramUITests;
			productName = InstagramUITests;
			productReference = E3A97B58286A36500021FC02 /* InstagramUITests.xctest */;
			productType = "com.apple.product-type.bundle.ui-testing";
		};
/* End PBXNativeTarget section */

/* Begin PBXProject section */
		E3A97B2B286A36500021FC02 /* Project object */ = {
			isa = PBXProject;
			attributes = {
				BuildIndependentTargetsInParallel = 1;
				LastUpgradeCheck = 1340;
				TargetAttributes = {
					E3A97B32286A36500021FC02 = {
						CreatedOnToolsVersion = 13.4.1;
					};
					E3A97B4D286A36500021FC02 = {
						CreatedOnToolsVersion = 13.4.1;
						TestTargetID = E3A97B32286A36500021FC02;
					};
					E3A97B57286A36500021FC02 = {
						CreatedOnToolsVersion = 13.4.1;
						TestTargetID = E3A97B32286A36500021FC02;
					};
				};
			};
			buildConfigurationList = E3A97B2E286A36500021FC02 /* Build configuration list for PBXProject "Instagram" */;
			compatibilityVersion = "Xcode 13.0";
			developmentRegion = en;
			hasScannedForEncodings = 0;
			knownRegions = (
				en,
				Base,
			);
			mainGroup = E3A97B2A286A36500021FC02;
			productRefGroup = E3A97B34286A36500021FC02 /* Products */;
			projectDirPath = "";
			projectRoot = "";
			targets = (
				E3A97B32286A36500021FC02 /* Instagram */,
				E3A97B4D286A36500021FC02 /* InstagramTests */,
				E3A97B57286A36500021FC02 /* InstagramUITests */,
			);
		};
/* End PBXProject section */

/* Begin PBXResourcesBuildPhase section */
		E3A97B31286A36500021FC02 /* Resources */ = {
			isa = PBXResourcesBuildPhase;
			buildActionMask = 2147483647;
			files = (
				E3A97B46286A36500021FC02 /* LaunchScreen.storyboard in Resources */,
				E3A97B43286A36500021FC02 /* Assets.xcassets in Resources */,
				E3A97B41286A36500021FC02 /* Main.storyboard in Resources */,
			);
			runOnlyForDeploymentPostprocessing = 0;
		};
		E3A97B4C286A36500021FC02 /* Resources */ = {
			isa = PBXResourcesBuildPhase;
			buildActionMask = 2147483647;
			files = (
			);
			runOnlyForDeploymentPostprocessing = 0;
		};
		E3A97B56286A36500021FC02 /* Resources */ = {
			isa = PBXResourcesBuildPhase;
			buildActionMask = 2147483647;
			files = (
			);
			runOnlyForDeploymentPostprocessing = 0;
		};
/* End PBXResourcesBuildPhase section */

/* Begin PBXShellScriptBuildPhase section */
		92F118AFD230AC932114F19D /* [CP] Check Pods Manifest.lock */ = {
			isa = PBXShellScriptBuildPhase;
			buildActionMask = 2147483647;
			files = (
			);
			inputFileListPaths = (
			);
			inputPaths = (
				"${PODS_PODFILE_DIR_PATH}/Podfile.lock",
				"${PODS_ROOT}/Manifest.lock",
			);
			name = "[CP] Check Pods Manifest.lock";
			outputFileListPaths = (
			);
			outputPaths = (
				"$(DERIVED_FILE_DIR)/Pods-Instagram-checkManifestLockResult.txt",
			);
			runOnlyForDeploymentPostprocessing = 0;
			shellPath = /bin/sh;
			shellScript = "diff \"${PODS_PODFILE_DIR_PATH}/Podfile.lock\" \"${PODS_ROOT}/Manifest.lock\" > /dev/null\nif [ $? != 0 ] ; then\n    # print error to STDERR\n    echo \"error: The sandbox is not in sync with the Podfile.lock. Run 'pod install' or update your CocoaPods installation.\" >&2\n    exit 1\nfi\n# This output is used by Xcode 'outputs' to avoid re-running this script phase.\necho \"SUCCESS\" > \"${SCRIPT_OUTPUT_FILE_0}\"\n";
			showEnvVarsInLog = 0;
		};
		9E7F0707203C5CF8B8A544D1 /* [CP] Embed Pods Frameworks */ = {
			isa = PBXShellScriptBuildPhase;
			buildActionMask = 2147483647;
			files = (
			);
			inputFileListPaths = (
				"${PODS_ROOT}/Target Support Files/Pods-Instagram/Pods-Instagram-frameworks-${CONFIGURATION}-input-files.xcfilelist",
			);
			name = "[CP] Embed Pods Frameworks";
			outputFileListPaths = (
				"${PODS_ROOT}/Target Support Files/Pods-Instagram/Pods-Instagram-frameworks-${CONFIGURATION}-output-files.xcfilelist",
			);
			runOnlyForDeploymentPostprocessing = 0;
			shellPath = /bin/sh;
			shellScript = "\"${PODS_ROOT}/Target Support Files/Pods-Instagram/Pods-Instagram-frameworks.sh\"\n";
			showEnvVarsInLog = 0;
		};
		A6D1B8126EFF1FAC0DEFD91D /* [CP] Check Pods Manifest.lock */ = {
			isa = PBXShellScriptBuildPhase;
			buildActionMask = 2147483647;
			files = (
			);
			inputFileListPaths = (
			);
			inputPaths = (
				"${PODS_PODFILE_DIR_PATH}/Podfile.lock",
				"${PODS_ROOT}/Manifest.lock",
			);
			name = "[CP] Check Pods Manifest.lock";
			outputFileListPaths = (
			);
			outputPaths = (
				"$(DERIVED_FILE_DIR)/Pods-InstagramTests-checkManifestLockResult.txt",
			);
			runOnlyForDeploymentPostprocessing = 0;
			shellPath = /bin/sh;
			shellScript = "diff \"${PODS_PODFILE_DIR_PATH}/Podfile.lock\" \"${PODS_ROOT}/Manifest.lock\" > /dev/null\nif [ $? != 0 ] ; then\n    # print error to STDERR\n    echo \"error: The sandbox is not in sync with the Podfile.lock. Run 'pod install' or update your CocoaPods installation.\" >&2\n    exit 1\nfi\n# This output is used by Xcode 'outputs' to avoid re-running this script phase.\necho \"SUCCESS\" > \"${SCRIPT_OUTPUT_FILE_0}\"\n";
			showEnvVarsInLog = 0;
		};
		C162208CEED77435A5AD61E6 /* [CP] Check Pods Manifest.lock */ = {
			isa = PBXShellScriptBuildPhase;
			buildActionMask = 2147483647;
			files = (
			);
			inputFileListPaths = (
			);
			inputPaths = (
				"${PODS_PODFILE_DIR_PATH}/Podfile.lock",
				"${PODS_ROOT}/Manifest.lock",
			);
			name = "[CP] Check Pods Manifest.lock";
			outputFileListPaths = (
			);
			outputPaths = (
				"$(DERIVED_FILE_DIR)/Pods-Instagram-InstagramUITests-checkManifestLockResult.txt",
			);
			runOnlyForDeploymentPostprocessing = 0;
			shellPath = /bin/sh;
			shellScript = "diff \"${PODS_PODFILE_DIR_PATH}/Podfile.lock\" \"${PODS_ROOT}/Manifest.lock\" > /dev/null\nif [ $? != 0 ] ; then\n    # print error to STDERR\n    echo \"error: The sandbox is not in sync with the Podfile.lock. Run 'pod install' or update your CocoaPods installation.\" >&2\n    exit 1\nfi\n# This output is used by Xcode 'outputs' to avoid re-running this script phase.\necho \"SUCCESS\" > \"${SCRIPT_OUTPUT_FILE_0}\"\n";
			showEnvVarsInLog = 0;
		};
		F568E13AE694F96BCFEA4C2F /* [CP] Embed Pods Frameworks */ = {
			isa = PBXShellScriptBuildPhase;
			buildActionMask = 2147483647;
			files = (
			);
			inputFileListPaths = (
				"${PODS_ROOT}/Target Support Files/Pods-Instagram-InstagramUITests/Pods-Instagram-InstagramUITests-frameworks-${CONFIGURATION}-input-files.xcfilelist",
			);
			name = "[CP] Embed Pods Frameworks";
			outputFileListPaths = (
				"${PODS_ROOT}/Target Support Files/Pods-Instagram-InstagramUITests/Pods-Instagram-InstagramUITests-frameworks-${CONFIGURATION}-output-files.xcfilelist",
			);
			runOnlyForDeploymentPostprocessing = 0;
			shellPath = /bin/sh;
			shellScript = "\"${PODS_ROOT}/Target Support Files/Pods-Instagram-InstagramUITests/Pods-Instagram-InstagramUITests-frameworks.sh\"\n";
			showEnvVarsInLog = 0;
		};
/* End PBXShellScriptBuildPhase section */

/* Begin PBXSourcesBuildPhase section */
		E3A97B2F286A36500021FC02 /* Sources */ = {
			isa = PBXSourcesBuildPhase;
			buildActionMask = 2147483647;
			files = (
				E3A97B93286D11B90021FC02 /* TableSectionHeaderView.m in Sources */,
				E3A97B99286D15800021FC02 /* PostTableViewCell.m in Sources */,
				E3A97B7A286B6B820021FC02 /* PhotoMapViewController.m in Sources */,
				E3A97B77286A6FDA0021FC02 /* FeedTableViewController.m in Sources */,
				E3A97B70286A570F0021FC02 /* LoginViewController.m in Sources */,
				E3A97B38286A36500021FC02 /* AppDelegate.m in Sources */,
				E3A97B86286B9A500021FC02 /* Post.m in Sources */,
				E3A97B49286A36500021FC02 /* main.m in Sources */,
				E3A97B3B286A36500021FC02 /* SceneDelegate.m in Sources */,
			);
			runOnlyForDeploymentPostprocessing = 0;
		};
		E3A97B4A286A36500021FC02 /* Sources */ = {
			isa = PBXSourcesBuildPhase;
			buildActionMask = 2147483647;
			files = (
				E3A97B53286A36500021FC02 /* InstagramTests.m in Sources */,
			);
			runOnlyForDeploymentPostprocessing = 0;
		};
		E3A97B54286A36500021FC02 /* Sources */ = {
			isa = PBXSourcesBuildPhase;
			buildActionMask = 2147483647;
			files = (
				E3A97B5D286A36500021FC02 /* InstagramUITests.m in Sources */,
				E3A97B5F286A36500021FC02 /* InstagramUITestsLaunchTests.m in Sources */,
			);
			runOnlyForDeploymentPostprocessing = 0;
		};
/* End PBXSourcesBuildPhase section */

/* Begin PBXTargetDependency section */
		E3A97B50286A36500021FC02 /* PBXTargetDependency */ = {
			isa = PBXTargetDependency;
			target = E3A97B32286A36500021FC02 /* Instagram */;
			targetProxy = E3A97B4F286A36500021FC02 /* PBXContainerItemProxy */;
		};
		E3A97B5A286A36500021FC02 /* PBXTargetDependency */ = {
			isa = PBXTargetDependency;
			target = E3A97B32286A36500021FC02 /* Instagram */;
			targetProxy = E3A97B59286A36500021FC02 /* PBXContainerItemProxy */;
		};
/* End PBXTargetDependency section */

/* Begin PBXVariantGroup section */
		E3A97B3F286A36500021FC02 /* Main.storyboard */ = {
			isa = PBXVariantGroup;
			children = (
				E3A97B40286A36500021FC02 /* Base */,
			);
			name = Main.storyboard;
			sourceTree = "<group>";
		};
		E3A97B44286A36500021FC02 /* LaunchScreen.storyboard */ = {
			isa = PBXVariantGroup;
			children = (
				E3A97B45286A36500021FC02 /* Base */,
			);
			name = LaunchScreen.storyboard;
			sourceTree = "<group>";
		};
/* End PBXVariantGroup section */

/* Begin XCBuildConfiguration section */
		E3A97B60286A36500021FC02 /* Debug */ = {
			isa = XCBuildConfiguration;
			buildSettings = {
				ALWAYS_SEARCH_USER_PATHS = NO;
				CLANG_ANALYZER_NONNULL = YES;
				CLANG_ANALYZER_NUMBER_OBJECT_CONVERSION = YES_AGGRESSIVE;
				CLANG_CXX_LANGUAGE_STANDARD = "gnu++17";
				CLANG_ENABLE_MODULES = YES;
				CLANG_ENABLE_OBJC_ARC = YES;
				CLANG_ENABLE_OBJC_WEAK = YES;
				CLANG_WARN_BLOCK_CAPTURE_AUTORELEASING = YES;
				CLANG_WARN_BOOL_CONVERSION = YES;
				CLANG_WARN_COMMA = YES;
				CLANG_WARN_CONSTANT_CONVERSION = YES;
				CLANG_WARN_DEPRECATED_OBJC_IMPLEMENTATIONS = YES;
				CLANG_WARN_DIRECT_OBJC_ISA_USAGE = YES_ERROR;
				CLANG_WARN_DOCUMENTATION_COMMENTS = YES;
				CLANG_WARN_EMPTY_BODY = YES;
				CLANG_WARN_ENUM_CONVERSION = YES;
				CLANG_WARN_INFINITE_RECURSION = YES;
				CLANG_WARN_INT_CONVERSION = YES;
				CLANG_WARN_NON_LITERAL_NULL_CONVERSION = YES;
				CLANG_WARN_OBJC_IMPLICIT_RETAIN_SELF = YES;
				CLANG_WARN_OBJC_LITERAL_CONVERSION = YES;
				CLANG_WARN_OBJC_ROOT_CLASS = YES_ERROR;
				CLANG_WARN_QUOTED_INCLUDE_IN_FRAMEWORK_HEADER = YES;
				CLANG_WARN_RANGE_LOOP_ANALYSIS = YES;
				CLANG_WARN_STRICT_PROTOTYPES = YES;
				CLANG_WARN_SUSPICIOUS_MOVE = YES;
				CLANG_WARN_UNGUARDED_AVAILABILITY = YES_AGGRESSIVE;
				CLANG_WARN_UNREACHABLE_CODE = YES;
				CLANG_WARN__DUPLICATE_METHOD_MATCH = YES;
				COPY_PHASE_STRIP = NO;
				DEBUG_INFORMATION_FORMAT = dwarf;
				ENABLE_STRICT_OBJC_MSGSEND = YES;
				ENABLE_TESTABILITY = YES;
				GCC_C_LANGUAGE_STANDARD = gnu11;
				GCC_DYNAMIC_NO_PIC = NO;
				GCC_NO_COMMON_BLOCKS = YES;
				GCC_OPTIMIZATION_LEVEL = 0;
				GCC_PREPROCESSOR_DEFINITIONS = (
					"DEBUG=1",
					"$(inherited)",
				);
				GCC_WARN_64_TO_32_BIT_CONVERSION = YES;
				GCC_WARN_ABOUT_RETURN_TYPE = YES_ERROR;
				GCC_WARN_UNDECLARED_SELECTOR = YES;
				GCC_WARN_UNINITIALIZED_AUTOS = YES_AGGRESSIVE;
				GCC_WARN_UNUSED_FUNCTION = YES;
				GCC_WARN_UNUSED_VARIABLE = YES;
				IPHONEOS_DEPLOYMENT_TARGET = 15.5;
				MTL_ENABLE_DEBUG_INFO = INCLUDE_SOURCE;
				MTL_FAST_MATH = YES;
				ONLY_ACTIVE_ARCH = YES;
				SDKROOT = iphoneos;
			};
			name = Debug;
		};
		E3A97B61286A36500021FC02 /* Release */ = {
			isa = XCBuildConfiguration;
			buildSettings = {
				ALWAYS_SEARCH_USER_PATHS = NO;
				CLANG_ANALYZER_NONNULL = YES;
				CLANG_ANALYZER_NUMBER_OBJECT_CONVERSION = YES_AGGRESSIVE;
				CLANG_CXX_LANGUAGE_STANDARD = "gnu++17";
				CLANG_ENABLE_MODULES = YES;
				CLANG_ENABLE_OBJC_ARC = YES;
				CLANG_ENABLE_OBJC_WEAK = YES;
				CLANG_WARN_BLOCK_CAPTURE_AUTORELEASING = YES;
				CLANG_WARN_BOOL_CONVERSION = YES;
				CLANG_WARN_COMMA = YES;
				CLANG_WARN_CONSTANT_CONVERSION = YES;
				CLANG_WARN_DEPRECATED_OBJC_IMPLEMENTATIONS = YES;
				CLANG_WARN_DIRECT_OBJC_ISA_USAGE = YES_ERROR;
				CLANG_WARN_DOCUMENTATION_COMMENTS = YES;
				CLANG_WARN_EMPTY_BODY = YES;
				CLANG_WARN_ENUM_CONVERSION = YES;
				CLANG_WARN_INFINITE_RECURSION = YES;
				CLANG_WARN_INT_CONVERSION = YES;
				CLANG_WARN_NON_LITERAL_NULL_CONVERSION = YES;
				CLANG_WARN_OBJC_IMPLICIT_RETAIN_SELF = YES;
				CLANG_WARN_OBJC_LITERAL_CONVERSION = YES;
				CLANG_WARN_OBJC_ROOT_CLASS = YES_ERROR;
				CLANG_WARN_QUOTED_INCLUDE_IN_FRAMEWORK_HEADER = YES;
				CLANG_WARN_RANGE_LOOP_ANALYSIS = YES;
				CLANG_WARN_STRICT_PROTOTYPES = YES;
				CLANG_WARN_SUSPICIOUS_MOVE = YES;
				CLANG_WARN_UNGUARDED_AVAILABILITY = YES_AGGRESSIVE;
				CLANG_WARN_UNREACHABLE_CODE = YES;
				CLANG_WARN__DUPLICATE_METHOD_MATCH = YES;
				COPY_PHASE_STRIP = NO;
				DEBUG_INFORMATION_FORMAT = "dwarf-with-dsym";
				ENABLE_NS_ASSERTIONS = NO;
				ENABLE_STRICT_OBJC_MSGSEND = YES;
				GCC_C_LANGUAGE_STANDARD = gnu11;
				GCC_NO_COMMON_BLOCKS = YES;
				GCC_WARN_64_TO_32_BIT_CONVERSION = YES;
				GCC_WARN_ABOUT_RETURN_TYPE = YES_ERROR;
				GCC_WARN_UNDECLARED_SELECTOR = YES;
				GCC_WARN_UNINITIALIZED_AUTOS = YES_AGGRESSIVE;
				GCC_WARN_UNUSED_FUNCTION = YES;
				GCC_WARN_UNUSED_VARIABLE = YES;
				IPHONEOS_DEPLOYMENT_TARGET = 15.5;
				MTL_ENABLE_DEBUG_INFO = NO;
				MTL_FAST_MATH = YES;
				SDKROOT = iphoneos;
				VALIDATE_PRODUCT = YES;
			};
			name = Release;
		};
		E3A97B63286A36500021FC02 /* Debug */ = {
			isa = XCBuildConfiguration;
			baseConfigurationReference = 922AC21572D4BDDB80820CFD /* Pods-Instagram.debug.xcconfig */;
			buildSettings = {
				ASSETCATALOG_COMPILER_APPICON_NAME = AppIcon;
				ASSETCATALOG_COMPILER_GLOBAL_ACCENT_COLOR_NAME = AccentColor;
				CODE_SIGN_STYLE = Automatic;
				CURRENT_PROJECT_VERSION = 1;
				DEVELOPMENT_TEAM = VK7T9V22BP;
				GENERATE_INFOPLIST_FILE = YES;
				INFOPLIST_FILE = Instagram/Info.plist;
				INFOPLIST_KEY_UIApplicationSupportsIndirectInputEvents = YES;
				INFOPLIST_KEY_UILaunchStoryboardName = LaunchScreen;
				INFOPLIST_KEY_UIMainStoryboardFile = Main;
				INFOPLIST_KEY_UISupportedInterfaceOrientations_iPad = "UIInterfaceOrientationPortrait UIInterfaceOrientationPortraitUpsideDown UIInterfaceOrientationLandscapeLeft UIInterfaceOrientationLandscapeRight";
				INFOPLIST_KEY_UISupportedInterfaceOrientations_iPhone = "UIInterfaceOrientationPortrait UIInterfaceOrientationLandscapeLeft UIInterfaceOrientationLandscapeRight";
				LD_RUNPATH_SEARCH_PATHS = (
					"$(inherited)",
					"@executable_path/Frameworks",
				);
				MARKETING_VERSION = 1.0;
				PRODUCT_BUNDLE_IDENTIFIER = com.enino.Instagram;
				PRODUCT_NAME = "$(TARGET_NAME)";
				SWIFT_EMIT_LOC_STRINGS = YES;
				TARGETED_DEVICE_FAMILY = "1,2";
			};
			name = Debug;
		};
		E3A97B64286A36500021FC02 /* Release */ = {
			isa = XCBuildConfiguration;
			baseConfigurationReference = F8611AB5068CB72BFE0A12EC /* Pods-Instagram.release.xcconfig */;
			buildSettings = {
				ASSETCATALOG_COMPILER_APPICON_NAME = AppIcon;
				ASSETCATALOG_COMPILER_GLOBAL_ACCENT_COLOR_NAME = AccentColor;
				CODE_SIGN_STYLE = Automatic;
				CURRENT_PROJECT_VERSION = 1;
				DEVELOPMENT_TEAM = VK7T9V22BP;
				GENERATE_INFOPLIST_FILE = YES;
				INFOPLIST_FILE = Instagram/Info.plist;
				INFOPLIST_KEY_UIApplicationSupportsIndirectInputEvents = YES;
				INFOPLIST_KEY_UILaunchStoryboardName = LaunchScreen;
				INFOPLIST_KEY_UIMainStoryboardFile = Main;
				INFOPLIST_KEY_UISupportedInterfaceOrientations_iPad = "UIInterfaceOrientationPortrait UIInterfaceOrientationPortraitUpsideDown UIInterfaceOrientationLandscapeLeft UIInterfaceOrientationLandscapeRight";
				INFOPLIST_KEY_UISupportedInterfaceOrientations_iPhone = "UIInterfaceOrientationPortrait UIInterfaceOrientationLandscapeLeft UIInterfaceOrientationLandscapeRight";
				LD_RUNPATH_SEARCH_PATHS = (
					"$(inherited)",
					"@executable_path/Frameworks",
				);
				MARKETING_VERSION = 1.0;
				PRODUCT_BUNDLE_IDENTIFIER = com.enino.Instagram;
				PRODUCT_NAME = "$(TARGET_NAME)";
				SWIFT_EMIT_LOC_STRINGS = YES;
				TARGETED_DEVICE_FAMILY = "1,2";
			};
			name = Release;
		};
		E3A97B66286A36500021FC02 /* Debug */ = {
			isa = XCBuildConfiguration;
			baseConfigurationReference = BDFAB1A5082C01D253300E97 /* Pods-InstagramTests.debug.xcconfig */;
			buildSettings = {
				BUNDLE_LOADER = "$(TEST_HOST)";
				CODE_SIGN_STYLE = Automatic;
				CURRENT_PROJECT_VERSION = 1;
				DEVELOPMENT_TEAM = VK7T9V22BP;
				GENERATE_INFOPLIST_FILE = YES;
				IPHONEOS_DEPLOYMENT_TARGET = 15.5;
				MARKETING_VERSION = 1.0;
				PRODUCT_BUNDLE_IDENTIFIER = com.enino.InstagramTests;
				PRODUCT_NAME = "$(TARGET_NAME)";
				SWIFT_EMIT_LOC_STRINGS = NO;
				TARGETED_DEVICE_FAMILY = "1,2";
				TEST_HOST = "$(BUILT_PRODUCTS_DIR)/Instagram.app/Instagram";
			};
			name = Debug;
		};
		E3A97B67286A36500021FC02 /* Release */ = {
			isa = XCBuildConfiguration;
			baseConfigurationReference = A00387846A2DAA13FCADCBDE /* Pods-InstagramTests.release.xcconfig */;
			buildSettings = {
				BUNDLE_LOADER = "$(TEST_HOST)";
				CODE_SIGN_STYLE = Automatic;
				CURRENT_PROJECT_VERSION = 1;
				DEVELOPMENT_TEAM = VK7T9V22BP;
				GENERATE_INFOPLIST_FILE = YES;
				IPHONEOS_DEPLOYMENT_TARGET = 15.5;
				MARKETING_VERSION = 1.0;
				PRODUCT_BUNDLE_IDENTIFIER = com.enino.InstagramTests;
				PRODUCT_NAME = "$(TARGET_NAME)";
				SWIFT_EMIT_LOC_STRINGS = NO;
				TARGETED_DEVICE_FAMILY = "1,2";
				TEST_HOST = "$(BUILT_PRODUCTS_DIR)/Instagram.app/Instagram";
			};
			name = Release;
		};
		E3A97B69286A36500021FC02 /* Debug */ = {
			isa = XCBuildConfiguration;
			baseConfigurationReference = 2DFCF760CC47F2B63B338E62 /* Pods-Instagram-InstagramUITests.debug.xcconfig */;
			buildSettings = {
				CODE_SIGN_STYLE = Automatic;
				CURRENT_PROJECT_VERSION = 1;
				DEVELOPMENT_TEAM = VK7T9V22BP;
				GENERATE_INFOPLIST_FILE = YES;
				MARKETING_VERSION = 1.0;
				PRODUCT_BUNDLE_IDENTIFIER = com.enino.InstagramUITests;
				PRODUCT_NAME = "$(TARGET_NAME)";
				SWIFT_EMIT_LOC_STRINGS = NO;
				TARGETED_DEVICE_FAMILY = "1,2";
				TEST_TARGET_NAME = Instagram;
			};
			name = Debug;
		};
		E3A97B6A286A36500021FC02 /* Release */ = {
			isa = XCBuildConfiguration;
			baseConfigurationReference = DA0BD8641A5512E5B0045C3D /* Pods-Instagram-InstagramUITests.release.xcconfig */;
			buildSettings = {
				CODE_SIGN_STYLE = Automatic;
				CURRENT_PROJECT_VERSION = 1;
				DEVELOPMENT_TEAM = VK7T9V22BP;
				GENERATE_INFOPLIST_FILE = YES;
				MARKETING_VERSION = 1.0;
				PRODUCT_BUNDLE_IDENTIFIER = com.enino.InstagramUITests;
				PRODUCT_NAME = "$(TARGET_NAME)";
				SWIFT_EMIT_LOC_STRINGS = NO;
				TARGETED_DEVICE_FAMILY = "1,2";
				TEST_TARGET_NAME = Instagram;
			};
			name = Release;
		};
/* End XCBuildConfiguration section */

/* Begin XCConfigurationList section */
		E3A97B2E286A36500021FC02 /* Build configuration list for PBXProject "Instagram" */ = {
			isa = XCConfigurationList;
			buildConfigurations = (
				E3A97B60286A36500021FC02 /* Debug */,
				E3A97B61286A36500021FC02 /* Release */,
			);
			defaultConfigurationIsVisible = 0;
			defaultConfigurationName = Release;
		};
		E3A97B62286A36500021FC02 /* Build configuration list for PBXNativeTarget "Instagram" */ = {
			isa = XCConfigurationList;
			buildConfigurations = (
				E3A97B63286A36500021FC02 /* Debug */,
				E3A97B64286A36500021FC02 /* Release */,
			);
			defaultConfigurationIsVisible = 0;
			defaultConfigurationName = Release;
		};
		E3A97B65286A36500021FC02 /* Build configuration list for PBXNativeTarget "InstagramTests" */ = {
			isa = XCConfigurationList;
			buildConfigurations = (
				E3A97B66286A36500021FC02 /* Debug */,
				E3A97B67286A36500021FC02 /* Release */,
			);
			defaultConfigurationIsVisible = 0;
			defaultConfigurationName = Release;
		};
		E3A97B68286A36500021FC02 /* Build configuration list for PBXNativeTarget "InstagramUITests" */ = {
			isa = XCConfigurationList;
			buildConfigurations = (
				E3A97B69286A36500021FC02 /* Debug */,
				E3A97B6A286A36500021FC02 /* Release */,
			);
			defaultConfigurationIsVisible = 0;
			defaultConfigurationName = Release;
		};
/* End XCConfigurationList section */
	};
	rootObject = E3A97B2B286A36500021FC02 /* Project object */;
}
